{
  "version": 4,
  "terraform_version": "1.12.6",
  "serial": 8,
  "lineage": "a918cbd3-1b0c-a668-e0a7-6a9c77397c56",
  "outputs": {},
  "resources": [
    {
      "mode": "managed",
      "type": "github_repository",
      "name": "projected_releases",
      "provider": "provider[\"registry.opentofu.org/integrations/github\"]",
      "instances": [
        {
          "schema_version": 1,
          "attributes": {
            "allow_auto_merge": true,
            "allow_forking": true,
            "allow_merge_commit": false,
            "allow_rebase_merge": false,
            "allow_squash_merge": true,
            "allow_update_branch": false,
            "archive_on_destroy": null,
            "archived": false,
            "auto_init": false,
            "default_branch": "master",
            "delete_branch_on_merge": true,
            "description": "GitHub Action that previews the release-please versions a pull request will cut.",
            "etag": "W/\"eab29bfcb64f6999d81f43f79526b5726230b7906265c24e2ac3b126795fceb3\"",
            "fork": "false",
            "full_name": "jmcvetta/projected-releases-action",
            "git_clone_url": "git://github.com/jmcvetta/projected-releases-action.git",
            "gitignore_template": null,
            "has_discussions": false,
            "has_downloads": false,
            "has_issues": true,
            "has_projects": true,
            "has_wiki": true,
            "homepage_url": "",
            "html_url": "https://github.com/jmcvetta/projected-releases-action",
            "http_clone_url": "https://github.com/jmcvetta/projected-releases-action.git",
            "id": "projected-releases-action",
            "ignore_vulnerability_alerts_during_read": false,
            "is_template": false,
            "license_template": null,
            "merge_commit_message": "PR_TITLE",
            "merge_commit_title": "MERGE_MESSAGE",
            "name": "projected-releases-action",
            "node_id": "R_kgDOUL1Dgw",
            "pages": [],
            "primary_language": "TypeScript",
            "private": false,
            "repo_id": 1354580867,
            "security_and_analysis": [
              {
                "advanced_security": [],
                "code_security": [],
                "secret_scanning": [
                  {
                    "status": "enabled"
                  }
                ],
                "secret_scanning_ai_detection": [],
                "secret_scanning_non_provider_patterns": [],
                "secret_scanning_push_protection": [
                  {
                    "status": "enabled"
                  }
                ]
              }
            ],
            "source_owner": "",
            "source_repo": "",
            "squash_merge_commit_message": "PR_BODY",
            "squash_merge_commit_title": "PR_TITLE",
            "ssh_clone_url": "git@github.com:jmcvetta/projected-releases-action.git",
            "svn_url": "https://github.com/jmcvetta/projected-releases-action",
            "template": [],
            "topics": [
              "changelog",
              "conventional-commits",
              "github-action",
              "github-actions",
              "monorepo",
              "release-automation",
              "release-please",
              "semantic-versioning",
              "semver",
              "versioning"
            ],
            "visibility": "public",
            "vulnerability_alerts": true,
            "web_commit_signoff_required": false
          },
          "sensitive_attributes": [],
          "private": "eyJzY2hlbWFfdmVyc2lvbiI6IjEifQ=="
        }
      ]
    },
    {
      "mode": "managed",
      "type": "github_repository_dependabot_security_updates",
      "name": "projected_releases",
      "provider": "provider[\"registry.opentofu.org/integrations/github\"]",
      "instances": [
        {
          "schema_version": 0,
          "attributes": {
            "enabled": true,
            "id": "projected-releases-action",
            "repository": "projected-releases-action"
          },
          "sensitive_attributes": [],
          "private": "bnVsbA==",
          "dependencies": [
            "github_repository.projected_releases"
          ]
        }
      ]
    },
    {
      "mode": "managed",
      "type": "github_repository_ruleset",
      "name": "master",
      "provider": "provider[\"registry.opentofu.org/integrations/github\"]",
      "instances": [
        {
          "schema_version": 1,
          "attributes": {
            "bypass_actors": [
              {
                "actor_id": 4,
                "actor_type": "RepositoryRole",
                "bypass_mode": "pull_request"
              }
            ],
            "conditions": [
              {
                "ref_name": [
                  {
                    "exclude": [],
                    "include": [
                      "~DEFAULT_BRANCH"
                    ]
                  }
                ]
              }
            ],
            "enforcement": "active",
            "etag": "W/\"caf1462ab81699a84de6243827301a40efa0c27b2166a27b4ae45e1dc01c63a4\"",
            "id": "22177376",
            "name": "master",
            "node_id": "RRS_lACqUmVwb3NpdG9yec5QvUODzgFSZmA",
            "repository": "projected-releases-action",
            "rules": [
              {
                "branch_name_pattern": [],
                "commit_author_email_pattern": [],
                "commit_message_pattern": [],
                "committer_email_pattern": [],
                "copilot_code_review": [],
                "creation": false,
                "deletion": true,
                "file_extension_restriction": [],
                "file_path_restriction": [],
                "max_file_path_length": [],
                "max_file_size": [],
                "merge_queue": [],
                "non_fast_forward": true,
                "pull_request": [
                  {
                    "allowed_merge_methods": [
                      "squash"
                    ],
                    "dismiss_stale_reviews_on_push": false,
                    "require_code_owner_review": false,
                    "require_last_push_approval": false,
                    "required_approving_review_count": 0,
                    "required_review_thread_resolution": false,
                    "required_reviewers": []
                  }
                ],
                "required_code_scanning": [],
                "required_deployments": [],
                "required_linear_history": false,
                "required_signatures": false,
                "required_status_checks": [
                  {
                    "do_not_enforce_on_create": false,
                    "required_check": [
                      {
                        "context": "validate-title",
                        "integration_id": 0
                      }
                    ],
                    "strict_required_status_checks_policy": false
                  }
                ],
                "tag_name_pattern": [],
                "update": false,
                "update_allows_fetch_and_merge": false
              }
            ],
            "ruleset_id": 22177376,
            "target": "branch"
          },
          "sensitive_attributes": [],
          "private": "eyJzY2hlbWFfdmVyc2lvbiI6IjEifQ==",
          "dependencies": [
            "github_repository.projected_releases"
          ]
        }
      ]
    },
    {
      "mode": "managed",
      "type": "github_repository_vulnerability_alerts",
      "name": "projected_releases",
      "provider": "provider[\"registry.opentofu.org/integrations/github\"]",
      "instances": [
        {
          "schema_version": 0,
          "attributes": {
            "enabled": true,
            "id": "1354580867",
            "repository": "projected-releases-action",
            "repository_id": 1354580867
          },
          "sensitive_attributes": [],
          "private": "bnVsbA==",
          "dependencies": [
            "github_repository.projected_releases"
          ]
        }
      ]
    },
    {
      "mode": "managed",
      "type": "github_workflow_repository_permissions",
      "name": "projected_releases",
      "provider": "provider[\"registry.opentofu.org/integrations/github\"]",
      "instances": [
        {
          "schema_version": 0,
          "attributes": {
            "can_approve_pull_request_reviews": true,
            "default_workflow_permissions": "read",
            "id": "projected-releases-action",
            "repository": "projected-releases-action"
          },
          "sensitive_attributes": [],
          "private": "bnVsbA==",
          "dependencies": [
            "github_repository.projected_releases"
          ]
        }
      ]
    }
  ],
  "check_results": null
}

